
Microsoft Visual Studio Solution File, Format Version 12.00
# Visual Studio Version 17
VisualStudioVersion = 17.11.35327.3
MinimumVisualStudioVersion = 10.0.40219.1
Project("{FAE04EC0-301F-11D3-BF4B-00C04F79EFBC}") = "Store_Mvc_Crud", "Store_Mvc_Crud\Store_Mvc_Crud.csproj", "{43354943-B520-4BCA-9AB3-4CB7E0737D5F}"
EndProject
Global
	GlobalSection(SolutionConfigurationPlatforms) = preSolution
		Debug|Any CPU = Debug|Any CPU
		Release|Any CPU = Release|Any CPU
	EndGlobalSection
	GlobalSection(ProjectConfigurationPlatforms) = postSolution
		{43354943-B520-4BCA-9AB3-4CB7E0737D5F}.Debug|Any CPU.ActiveCfg = Debug|Any CPU
		{43354943-B520-4BCA-9AB3-4CB7E0737D5F}.Debug|Any CPU.Build.0 = Debug|Any CPU
		{43354943-B520-4BCA-9AB3-4CB7E0737D5F}.Release|Any CPU.ActiveCfg = Release|Any CPU
		{43354943-B520-4BCA-9AB3-4CB7E0737D5F}.Release|Any CPU.Build.0 = Release|Any CPU
	EndGlobalSection
	GlobalSection(SolutionProperties) = preSolution
		HideSolutionNode = FALSE
	EndGlobalSection
	GlobalSection(ExtensibilityGlobals) = postSolution
		SolutionGuid = {3DBD61B8-F1F5-4565-A22A-D437897309F6}
	EndGlobalSection
EndGlobal
